PODS:
  - Masonry (1.0.2)
  - MaxLeap/Core (2.2.0)
  - MaxLeap/QQUtils (2.2.0):
    - MaxLeap/Core
    - TencentOpenApiSDK (~> 2.9.5)
  - MaxLeap/WeChatUtils (2.2.0):
    - MaxLeap/Core
    - WXSDKCoreKit (~> 1.7)
  - TencentOpenApiSDK (2.9.5):
    - TencentOpenApiSDK/Basic (= 2.9.5)
  - TencentOpenApiSDK/Basic (2.9.5)
  - WXSDKCoreKit (1.7.3)

DEPENDENCIES:
  - Masonry
  - MaxLeap/Core
  - MaxLeap/QQUtils
  - MaxLeap/WeChatUtils

SPEC CHECKSUMS:
  Masonry: 7c429b56da9d4ee0bbb3ed77a5ea710d6a5df39e
  MaxLeap: 50281481bfd84293a082fa3630529809c89a3424
  TencentOpenApiSDK: a0d7716edd6eb438d65828168e8e5137301b436d
  WXSDKCoreKit: a0b4c653b80b2da500582988589692ad41d13f68

PODFILE CHECKSUM: 0295c559a7b95eefdb76d7aca9cde2fbaf3e9a95

COCOAPODS: 1.2.0.beta.1
