// !$*UTF8*$!
{
	archiveVersion = 1;
	classes = {
	};
	objectVersion = 46;
	objects = {

/* Begin PBXBuildFile section */
		6956BA5C850D1776CDE94125 /* libPods-qupin.a in Frameworks */ = {isa = PBXBuildFile; fileRef = 96D3A2A311FDEF13B085FDEB /* libPods-qupin.a */; };
		DA2BE1FE1DBE528900AEB48F /* main.m in Sources */ = {isa = PBXBuildFile; fileRef = DA2BE1FD1DBE528900AEB48F /* main.m */; };
		DA2BE2011DBE528900AEB48F /* AppDelegate.m in Sources */ = {isa = PBXBuildFile; fileRef = DA2BE2001DBE528900AEB48F /* AppDelegate.m */; };
		DA2BE2091DBE528900AEB48F /* Assets.xcassets in Resources */ = {isa = PBXBuildFile; fileRef = DA2BE2081DBE528900AEB48F /* Assets.xcassets */; };
		DA2BE20C1DBE528900AEB48F /* LaunchScreen.storyboard in Resources */ = {isa = PBXBuildFile; fileRef = DA2BE20A1DBE528900AEB48F /* LaunchScreen.storyboard */; };
		DA2BE2171DBE528900AEB48F /* qupinTests.m in Sources */ = {isa = PBXBuildFile; fileRef = DA2BE2161DBE528900AEB48F /* qupinTests.m */; };
		DA2BE2221DBE545700AEB48F /* Login.storyboard in Resources */ = {isa = PBXBuildFile; fileRef = DA2BE2211DBE545700AEB48F /* Login.storyboard */; };
		DA2E1BA21DE0545C00FAF81C /* Home.storyboard in Resources */ = {isa = PBXBuildFile; fileRef = DA2E1BA11DE0545C00FAF81C /* Home.storyboard */; };
		DA35F18B1E3A0BBB00D66762 /* QPNetworking.m in Sources */ = {isa = PBXBuildFile; fileRef = DA35F18A1E3A0BBB00D66762 /* QPNetworking.m */; };
		DA35F18F1E3A4A7B00D66762 /* QPSmsCodeCell.m in Sources */ = {isa = PBXBuildFile; fileRef = DA35F18E1E3A4A7B00D66762 /* QPSmsCodeCell.m */; };
		DA3C69CF1E32956100D32FA7 /* QPUserItem.m in Sources */ = {isa = PBXBuildFile; fileRef = DA3C69CE1E32956100D32FA7 /* QPUserItem.m */; };
		DA3C69D31E3299F100D32FA7 /* testViewController.m in Sources */ = {isa = PBXBuildFile; fileRef = DA3C69D21E3299F100D32FA7 /* testViewController.m */; };
		DA3C69D51E329A1900D32FA7 /* test.storyboard in Resources */ = {isa = PBXBuildFile; fileRef = DA3C69D41E329A1900D32FA7 /* test.storyboard */; };
		DA53019C1E266E10002A2FB4 /* QPTabbarController.m in Sources */ = {isa = PBXBuildFile; fileRef = DA53019B1E266E10002A2FB4 /* QPTabbarController.m */; };
		DA53FE691E37B72700699715 /* QPPhoneNumberCell.m in Sources */ = {isa = PBXBuildFile; fileRef = DA53FE671E37B72700699715 /* QPPhoneNumberCell.m */; };
		DA53FE6A1E37B72700699715 /* QPPhoneNumberCell.xib in Resources */ = {isa = PBXBuildFile; fileRef = DA53FE681E37B72700699715 /* QPPhoneNumberCell.xib */; };
		DA53FE6D1E37CCC300699715 /* QPRegexHelper.m in Sources */ = {isa = PBXBuildFile; fileRef = DA53FE6C1E37CCC300699715 /* QPRegexHelper.m */; };
		DA53FE721E37E11400699715 /* QPLoginVC.m in Sources */ = {isa = PBXBuildFile; fileRef = DA53FE711E37E11400699715 /* QPLoginVC.m */; };
		DA53FE751E37E1D800699715 /* QPPhoneLoginVC.m in Sources */ = {isa = PBXBuildFile; fileRef = DA53FE741E37E1D800699715 /* QPPhoneLoginVC.m */; };
		DA915CC01E268B6B004B425C /* Task.storyboard in Resources */ = {isa = PBXBuildFile; fileRef = DA915CBF1E268B6B004B425C /* Task.storyboard */; };
		DA915CC21E268B72004B425C /* Chat.storyboard in Resources */ = {isa = PBXBuildFile; fileRef = DA915CC11E268B72004B425C /* Chat.storyboard */; };
		DA915CC41E268B7A004B425C /* User.storyboard in Resources */ = {isa = PBXBuildFile; fileRef = DA915CC31E268B7A004B425C /* User.storyboard */; };
		DA915CCA1E269204004B425C /* QPPlusBtn.m in Sources */ = {isa = PBXBuildFile; fileRef = DA915CC91E269204004B425C /* QPPlusBtn.m */; };
		DA915CCC1E2698C6004B425C /* Publish.storyboard in Resources */ = {isa = PBXBuildFile; fileRef = DA915CCB1E2698C6004B425C /* Publish.storyboard */; };
		DA915CCF1E269ECA004B425C /* QPPublishVC.m in Sources */ = {isa = PBXBuildFile; fileRef = DA915CCE1E269ECA004B425C /* QPPublishVC.m */; };
		DAA640471E326E9B0098BA62 /* QPSignInVC.m in Sources */ = {isa = PBXBuildFile; fileRef = DAA640461E326E9B0098BA62 /* QPSignInVC.m */; };
		DAA6404A1E3273FE0098BA62 /* QPFirstVC.m in Sources */ = {isa = PBXBuildFile; fileRef = DAA640491E3273FE0098BA62 /* QPFirstVC.m */; };
		DAA82ABE1E156F24005FC736 /* QPTaskItem.m in Sources */ = {isa = PBXBuildFile; fileRef = DAA82ABD1E156F24005FC736 /* QPTaskItem.m */; };
		DAB48B591E30DDE700CF7F6C /* QPTaskCell.xib in Resources */ = {isa = PBXBuildFile; fileRef = DAB48B581E30DDE700CF7F6C /* QPTaskCell.xib */; };
		DAB48B641E312B3D00CF7F6C /* QPImageUploadImageCell.m in Sources */ = {isa = PBXBuildFile; fileRef = DAB48B621E312B3D00CF7F6C /* QPImageUploadImageCell.m */; };
		DAB48B651E312B3D00CF7F6C /* QPImageUploadImageCell.xib in Resources */ = {isa = PBXBuildFile; fileRef = DAB48B631E312B3D00CF7F6C /* QPImageUploadImageCell.xib */; };
		DAB48B681E312B8C00CF7F6C /* QPImageUploadCellDataSource.m in Sources */ = {isa = PBXBuildFile; fileRef = DAB48B671E312B8C00CF7F6C /* QPImageUploadCellDataSource.m */; };
		DAB48B6B1E31428800CF7F6C /* QPImageUploadImageItem.m in Sources */ = {isa = PBXBuildFile; fileRef = DAB48B6A1E31428800CF7F6C /* QPImageUploadImageItem.m */; };
		DAC706361DC71AD700483D60 /* UINavigationController+StatusBar.m in Sources */ = {isa = PBXBuildFile; fileRef = DAC706351DC71AD700483D60 /* UINavigationController+StatusBar.m */; };
		DAD3C2D11E151D0600C73832 /* QPHomeVC.m in Sources */ = {isa = PBXBuildFile; fileRef = DAD3C2D01E151D0600C73832 /* QPHomeVC.m */; };
		DAD3C2D71E15305200C73832 /* QPTaskListDatasource.m in Sources */ = {isa = PBXBuildFile; fileRef = DAD3C2D61E15305200C73832 /* QPTaskListDatasource.m */; };
		DAD3C2DA1E1534B600C73832 /* QPTaskCell.m in Sources */ = {isa = PBXBuildFile; fileRef = DAD3C2D91E1534B600C73832 /* QPTaskCell.m */; };
		DAD9B70D1E2D33F200B60FAA /* QPMyTaskVC.m in Sources */ = {isa = PBXBuildFile; fileRef = DAD9B70C1E2D33F200B60FAA /* QPMyTaskVC.m */; };
		DAFBD56F1E2FE684000C1BC4 /* QPImageUploadCell.m in Sources */ = {isa = PBXBuildFile; fileRef = DAFBD56E1E2FE684000C1BC4 /* QPImageUploadCell.m */; };
/* End PBXBuildFile section */

/* Begin PBXContainerItemProxy section */
		DA2BE2131DBE528900AEB48F /* PBXContainerItemProxy */ = {
			isa = PBXContainerItemProxy;
			containerPortal = DA2BE1F11DBE528800AEB48F /* Project object */;
			proxyType = 1;
			remoteGlobalIDString = DA2BE1F81DBE528800AEB48F;
			remoteInfo = qupin;
		};
/* End PBXContainerItemProxy section */

/* Begin PBXFileReference section */
		0150448C1E3D4981D4629306 /* Pods-qupin.release.xcconfig */ = {isa = PBXFileReference; includeInIndex = 1; lastKnownFileType = text.xcconfig; name = "Pods-qupin.release.xcconfig"; path = "Pods/Target Support Files/Pods-qupin/Pods-qupin.release.xcconfig"; sourceTree = "<group>"; };
		05974F67BD683248650E816A /* Pods-qupin.debug.xcconfig */ = {isa = PBXFileReference; includeInIndex = 1; lastKnownFileType = text.xcconfig; name = "Pods-qupin.debug.xcconfig"; path = "Pods/Target Support Files/Pods-qupin/Pods-qupin.debug.xcconfig"; sourceTree = "<group>"; };
		96D3A2A311FDEF13B085FDEB /* libPods-qupin.a */ = {isa = PBXFileReference; explicitFileType = archive.ar; includeInIndex = 0; path = "libPods-qupin.a"; sourceTree = BUILT_PRODUCTS_DIR; };
		DA2BE1F91DBE528900AEB48F /* qupin.app */ = {isa = PBXFileReference; explicitFileType = wrapper.application; includeInIndex = 0; path = qupin.app; sourceTree = BUILT_PRODUCTS_DIR; };
		DA2BE1FD1DBE528900AEB48F /* main.m */ = {isa = PBXFileReference; lastKnownFileType = sourcecode.c.objc; path = main.m; sourceTree = "<group>"; };
		DA2BE1FF1DBE528900AEB48F /* AppDelegate.h */ = {isa = PBXFileReference; lastKnownFileType = sourcecode.c.h; path = AppDelegate.h; sourceTree = "<group>"; };
		DA2BE2001DBE528900AEB48F /* AppDelegate.m */ = {isa = PBXFileReference; lastKnownFileType = sourcecode.c.objc; path = AppDelegate.m; sourceTree = "<group>"; };
		DA2BE2081DBE528900AEB48F /* Assets.xcassets */ = {isa = PBXFileReference; lastKnownFileType = folder.assetcatalog; path = Assets.xcassets; sourceTree = "<group>"; };
		DA2BE20B1DBE528900AEB48F /* Base */ = {isa = PBXFileReference; lastKnownFileType = file.storyboard; name = Base; path = Base.lproj/LaunchScreen.storyboard; sourceTree = "<group>"; };
		DA2BE20D1DBE528900AEB48F /* Info.plist */ = {isa = PBXFileReference; lastKnownFileType = text.plist.xml; path = Info.plist; sourceTree = "<group>"; };
		DA2BE2121DBE528900AEB48F /* qupinTests.xctest */ = {isa = PBXFileReference; explicitFileType = wrapper.cfbundle; includeInIndex = 0; path = qupinTests.xctest; sourceTree = BUILT_PRODUCTS_DIR; };
		DA2BE2161DBE528900AEB48F /* qupinTests.m */ = {isa = PBXFileReference; lastKnownFileType = sourcecode.c.objc; path = qupinTests.m; sourceTree = "<group>"; };
		DA2BE2181DBE528900AEB48F /* Info.plist */ = {isa = PBXFileReference; lastKnownFileType = text.plist.xml; path = Info.plist; sourceTree = "<group>"; };
		DA2BE2211DBE545700AEB48F /* Login.storyboard */ = {isa = PBXFileReference; fileEncoding = 4; lastKnownFileType = file.storyboard; name = Login.storyboard; path = "Login&Sighin/Login.storyboard"; sourceTree = "<group>"; };
		DA2E1BA11DE0545C00FAF81C /* Home.storyboard */ = {isa = PBXFileReference; fileEncoding = 4; lastKnownFileType = file.storyboard; name = Home.storyboard; path = Home/Home.storyboard; sourceTree = "<group>"; };
		DA35F1891E3A0BBB00D66762 /* QPNetworking.h */ = {isa = PBXFileReference; fileEncoding = 4; lastKnownFileType = sourcecode.c.h; path = QPNetworking.h; sourceTree = "<group>"; };
		DA35F18A1E3A0BBB00D66762 /* QPNetworking.m */ = {isa = PBXFileReference; fileEncoding = 4; lastKnownFileType = sourcecode.c.objc; path = QPNetworking.m; sourceTree = "<group>"; };
		DA35F18D1E3A4A7B00D66762 /* QPSmsCodeCell.h */ = {isa = PBXFileReference; fileEncoding = 4; lastKnownFileType = sourcecode.c.h; name = QPSmsCodeCell.h; path = "Login&Sighin/QPSmsCodeCell.h"; sourceTree = "<group>"; };
		DA35F18E1E3A4A7B00D66762 /* QPSmsCodeCell.m */ = {isa = PBXFileReference; fileEncoding = 4; lastKnownFileType = sourcecode.c.objc; name = QPSmsCodeCell.m; path = "Login&Sighin/QPSmsCodeCell.m"; sourceTree = "<group>"; };
		DA3C69CD1E32956100D32FA7 /* QPUserItem.h */ = {isa = PBXFileReference; fileEncoding = 4; lastKnownFileType = sourcecode.c.h; path = QPUserItem.h; sourceTree = "<group>"; };
		DA3C69CE1E32956100D32FA7 /* QPUserItem.m */ = {isa = PBXFileReference; fileEncoding = 4; lastKnownFileType = sourcecode.c.objc; path = QPUserItem.m; sourceTree = "<group>"; };
		DA3C69D11E3299F100D32FA7 /* testViewController.h */ = {isa = PBXFileReference; fileEncoding = 4; lastKnownFileType = sourcecode.c.h; path = testViewController.h; sourceTree = "<group>"; };
		DA3C69D21E3299F100D32FA7 /* testViewController.m */ = {isa = PBXFileReference; fileEncoding = 4; lastKnownFileType = sourcecode.c.objc; path = testViewController.m; sourceTree = "<group>"; };
		DA3C69D41E329A1900D32FA7 /* test.storyboard */ = {isa = PBXFileReference; fileEncoding = 4; lastKnownFileType = file.storyboard; path = test.storyboard; sourceTree = "<group>"; };
		DA53019A1E266E10002A2FB4 /* QPTabbarController.h */ = {isa = PBXFileReference; fileEncoding = 4; lastKnownFileType = sourcecode.c.h; name = QPTabbarController.h; path = Home/QPTabbarController.h; sourceTree = "<group>"; };
		DA53019B1E266E10002A2FB4 /* QPTabbarController.m */ = {isa = PBXFileReference; fileEncoding = 4; lastKnownFileType = sourcecode.c.objc; name = QPTabbarController.m; path = Home/QPTabbarController.m; sourceTree = "<group>"; };
		DA53FE661E37B72700699715 /* QPPhoneNumberCell.h */ = {isa = PBXFileReference; fileEncoding = 4; lastKnownFileType = sourcecode.c.h; name = QPPhoneNumberCell.h; path = "Login&Sighin/QPPhoneNumberCell.h"; sourceTree = "<group>"; };
		DA53FE671E37B72700699715 /* QPPhoneNumberCell.m */ = {isa = PBXFileReference; fileEncoding = 4; lastKnownFileType = sourcecode.c.objc; name = QPPhoneNumberCell.m; path = "Login&Sighin/QPPhoneNumberCell.m"; sourceTree = "<group>"; };
		DA53FE681E37B72700699715 /* QPPhoneNumberCell.xib */ = {isa = PBXFileReference; fileEncoding = 4; lastKnownFileType = file.xib; name = QPPhoneNumberCell.xib; path = "Login&Sighin/QPPhoneNumberCell.xib"; sourceTree = "<group>"; };
		DA53FE6B1E37CCC300699715 /* QPRegexHelper.h */ = {isa = PBXFileReference; fileEncoding = 4; lastKnownFileType = sourcecode.c.h; path = QPRegexHelper.h; sourceTree = "<group>"; };
		DA53FE6C1E37CCC300699715 /* QPRegexHelper.m */ = {isa = PBXFileReference; fileEncoding = 4; lastKnownFileType = sourcecode.c.objc; path = QPRegexHelper.m; sourceTree = "<group>"; };
		DA53FE701E37E11400699715 /* QPLoginVC.h */ = {isa = PBXFileReference; fileEncoding = 4; lastKnownFileType = sourcecode.c.h; name = QPLoginVC.h; path = "Login&Sighin/QPLoginVC.h"; sourceTree = "<group>"; };
		DA53FE711E37E11400699715 /* QPLoginVC.m */ = {isa = PBXFileReference; fileEncoding = 4; lastKnownFileType = sourcecode.c.objc; name = QPLoginVC.m; path = "Login&Sighin/QPLoginVC.m"; sourceTree = "<group>"; };
		DA53FE731E37E1D800699715 /* QPPhoneLoginVC.h */ = {isa = PBXFileReference; fileEncoding = 4; lastKnownFileType = sourcecode.c.h; name = QPPhoneLoginVC.h; path = "Login&Sighin/QPPhoneLoginVC.h"; sourceTree = "<group>"; };
		DA53FE741E37E1D800699715 /* QPPhoneLoginVC.m */ = {isa = PBXFileReference; fileEncoding = 4; lastKnownFileType = sourcecode.c.objc; name = QPPhoneLoginVC.m; path = "Login&Sighin/QPPhoneLoginVC.m"; sourceTree = "<group>"; };
		DA915CBF1E268B6B004B425C /* Task.storyboard */ = {isa = PBXFileReference; fileEncoding = 4; lastKnownFileType = file.storyboard; path = Task.storyboard; sourceTree = "<group>"; };
		DA915CC11E268B72004B425C /* Chat.storyboard */ = {isa = PBXFileReference; fileEncoding = 4; lastKnownFileType = file.storyboard; path = Chat.storyboard; sourceTree = "<group>"; };
		DA915CC31E268B7A004B425C /* User.storyboard */ = {isa = PBXFileReference; fileEncoding = 4; lastKnownFileType = file.storyboard; path = User.storyboard; sourceTree = "<group>"; };
		DA915CC81E269204004B425C /* QPPlusBtn.h */ = {isa = PBXFileReference; fileEncoding = 4; lastKnownFileType = sourcecode.c.h; path = QPPlusBtn.h; sourceTree = "<group>"; };
		DA915CC91E269204004B425C /* QPPlusBtn.m */ = {isa = PBXFileReference; fileEncoding = 4; lastKnownFileType = sourcecode.c.objc; path = QPPlusBtn.m; sourceTree = "<group>"; };
		DA915CCB1E2698C6004B425C /* Publish.storyboard */ = {isa = PBXFileReference; fileEncoding = 4; lastKnownFileType = file.storyboard; path = Publish.storyboard; sourceTree = "<group>"; };
		DA915CCD1E269ECA004B425C /* QPPublishVC.h */ = {isa = PBXFileReference; fileEncoding = 4; lastKnownFileType = sourcecode.c.h; path = QPPublishVC.h; sourceTree = "<group>"; };
		DA915CCE1E269ECA004B425C /* QPPublishVC.m */ = {isa = PBXFileReference; fileEncoding = 4; lastKnownFileType = sourcecode.c.objc; path = QPPublishVC.m; sourceTree = "<group>"; };
		DAA640451E326E9B0098BA62 /* QPSignInVC.h */ = {isa = PBXFileReference; fileEncoding = 4; lastKnownFileType = sourcecode.c.h; name = QPSignInVC.h; path = "Login&Sighin/QPSignInVC.h"; sourceTree = "<group>"; };
		DAA640461E326E9B0098BA62 /* QPSignInVC.m */ = {isa = PBXFileReference; fileEncoding = 4; lastKnownFileType = sourcecode.c.objc; name = QPSignInVC.m; path = "Login&Sighin/QPSignInVC.m"; sourceTree = "<group>"; };
		DAA640481E3273FE0098BA62 /* QPFirstVC.h */ = {isa = PBXFileReference; fileEncoding = 4; lastKnownFileType = sourcecode.c.h; name = QPFirstVC.h; path = "Login&Sighin/QPFirstVC.h"; sourceTree = "<group>"; };
		DAA640491E3273FE0098BA62 /* QPFirstVC.m */ = {isa = PBXFileReference; fileEncoding = 4; lastKnownFileType = sourcecode.c.objc; name = QPFirstVC.m; path = "Login&Sighin/QPFirstVC.m"; sourceTree = "<group>"; };
		DAA82ABC1E156F24005FC736 /* QPTaskItem.h */ = {isa = PBXFileReference; fileEncoding = 4; lastKnownFileType = sourcecode.c.h; name = QPTaskItem.h; path = Home/QPTaskItem.h; sourceTree = "<group>"; };
		DAA82ABD1E156F24005FC736 /* QPTaskItem.m */ = {isa = PBXFileReference; fileEncoding = 4; lastKnownFileType = sourcecode.c.objc; name = QPTaskItem.m; path = Home/QPTaskItem.m; sourceTree = "<group>"; };
		DAB2886E1DD33FA600640A03 /* QPStringConstant.h */ = {isa = PBXFileReference; fileEncoding = 4; lastKnownFileType = sourcecode.c.h; path = QPStringConstant.h; sourceTree = "<group>"; };
		DAB48B581E30DDE700CF7F6C /* QPTaskCell.xib */ = {isa = PBXFileReference; fileEncoding = 4; lastKnownFileType = file.xib; name = QPTaskCell.xib; path = Home/QPTaskCell.xib; sourceTree = "<group>"; };
		DAB48B611E312B3D00CF7F6C /* QPImageUploadImageCell.h */ = {isa = PBXFileReference; fileEncoding = 4; lastKnownFileType = sourcecode.c.h; path = QPImageUploadImageCell.h; sourceTree = "<group>"; };
		DAB48B621E312B3D00CF7F6C /* QPImageUploadImageCell.m */ = {isa = PBXFileReference; fileEncoding = 4; lastKnownFileType = sourcecode.c.objc; path = QPImageUploadImageCell.m; sourceTree = "<group>"; };
		DAB48B631E312B3D00CF7F6C /* QPImageUploadImageCell.xib */ = {isa = PBXFileReference; fileEncoding = 4; lastKnownFileType = file.xib; path = QPImageUploadImageCell.xib; sourceTree = "<group>"; };
		DAB48B661E312B8C00CF7F6C /* QPImageUploadCellDataSource.h */ = {isa = PBXFileReference; fileEncoding = 4; lastKnownFileType = sourcecode.c.h; path = QPImageUploadCellDataSource.h; sourceTree = "<group>"; };
		DAB48B671E312B8C00CF7F6C /* QPImageUploadCellDataSource.m */ = {isa = PBXFileReference; fileEncoding = 4; lastKnownFileType = sourcecode.c.objc; path = QPImageUploadCellDataSource.m; sourceTree = "<group>"; };
		DAB48B691E31428800CF7F6C /* QPImageUploadImageItem.h */ = {isa = PBXFileReference; fileEncoding = 4; lastKnownFileType = sourcecode.c.h; path = QPImageUploadImageItem.h; sourceTree = "<group>"; };
		DAB48B6A1E31428800CF7F6C /* QPImageUploadImageItem.m */ = {isa = PBXFileReference; fileEncoding = 4; lastKnownFileType = sourcecode.c.objc; path = QPImageUploadImageItem.m; sourceTree = "<group>"; };
		DAC706341DC71AD700483D60 /* UINavigationController+StatusBar.h */ = {isa = PBXFileReference; fileEncoding = 4; lastKnownFileType = sourcecode.c.h; path = "UINavigationController+StatusBar.h"; sourceTree = "<group>"; };
		DAC706351DC71AD700483D60 /* UINavigationController+StatusBar.m */ = {isa = PBXFileReference; fileEncoding = 4; lastKnownFileType = sourcecode.c.objc; path = "UINavigationController+StatusBar.m"; sourceTree = "<group>"; };
		DAD3C2CF1E151D0600C73832 /* QPHomeVC.h */ = {isa = PBXFileReference; fileEncoding = 4; lastKnownFileType = sourcecode.c.h; name = QPHomeVC.h; path = Home/QPHomeVC.h; sourceTree = "<group>"; };
		DAD3C2D01E151D0600C73832 /* QPHomeVC.m */ = {isa = PBXFileReference; fileEncoding = 4; lastKnownFileType = sourcecode.c.objc; name = QPHomeVC.m; path = Home/QPHomeVC.m; sourceTree = "<group>"; };
		DAD3C2D51E15305200C73832 /* QPTaskListDatasource.h */ = {isa = PBXFileReference; fileEncoding = 4; lastKnownFileType = sourcecode.c.h; name = QPTaskListDatasource.h; path = Home/QPTaskListDatasource.h; sourceTree = "<group>"; };
		DAD3C2D61E15305200C73832 /* QPTaskListDatasource.m */ = {isa = PBXFileReference; fileEncoding = 4; lastKnownFileType = sourcecode.c.objc; name = QPTaskListDatasource.m; path = Home/QPTaskListDatasource.m; sourceTree = "<group>"; };
		DAD3C2D81E1534B600C73832 /* QPTaskCell.h */ = {isa = PBXFileReference; fileEncoding = 4; lastKnownFileType = sourcecode.c.h; name = QPTaskCell.h; path = Home/QPTaskCell.h; sourceTree = "<group>"; };
		DAD3C2D91E1534B600C73832 /* QPTaskCell.m */ = {isa = PBXFileReference; fileEncoding = 4; lastKnownFileType = sourcecode.c.objc; name = QPTaskCell.m; path = Home/QPTaskCell.m; sourceTree = "<group>"; };
		DAD9B70B1E2D33F200B60FAA /* QPMyTaskVC.h */ = {isa = PBXFileReference; fileEncoding = 4; lastKnownFileType = sourcecode.c.h; path = QPMyTaskVC.h; sourceTree = "<group>"; };
		DAD9B70C1E2D33F200B60FAA /* QPMyTaskVC.m */ = {isa = PBXFileReference; fileEncoding = 4; lastKnownFileType = sourcecode.c.objc; path = QPMyTaskVC.m; sourceTree = "<group>"; };
		DAFBD56D1E2FE684000C1BC4 /* QPImageUploadCell.h */ = {isa = PBXFileReference; fileEncoding = 4; lastKnownFileType = sourcecode.c.h; path = QPImageUploadCell.h; sourceTree = "<group>"; };
		DAFBD56E1E2FE684000C1BC4 /* QPImageUploadCell.m */ = {isa = PBXFileReference; fileEncoding = 4; lastKnownFileType = sourcecode.c.objc; path = QPImageUploadCell.m; sourceTree = "<group>"; };
/* End PBXFileReference section */

/* Begin PBXFrameworksBuildPhase section */
		DA2BE1F61DBE528800AEB48F /* Frameworks */ = {
			isa = PBXFrameworksBuildPhase;
			buildActionMask = 2147483647;
			files = (
				6956BA5C850D1776CDE94125 /* libPods-qupin.a in Frameworks */,
			);
			runOnlyForDeploymentPostprocessing = 0;
		};
		DA2BE20F1DBE528900AEB48F /* Frameworks */ = {
			isa = PBXFrameworksBuildPhase;
			buildActionMask = 2147483647;
			files = (
			);
			runOnlyForDeploymentPostprocessing = 0;
		};
/* End PBXFrameworksBuildPhase section */

/* Begin PBXGroup section */
		95FA5724B4B683A9750D0869 /* Frameworks */ = {
			isa = PBXGroup;
			children = (
				96D3A2A311FDEF13B085FDEB /* libPods-qupin.a */,
			);
			name = Frameworks;
			sourceTree = "<group>";
		};
		DA2BE1F01DBE528800AEB48F = {
			isa = PBXGroup;
			children = (
				DA2BE1FB1DBE528900AEB48F /* qupin */,
				DA2BE2151DBE528900AEB48F /* qupinTests */,
				DA2BE1FA1DBE528900AEB48F /* Products */,
				DE854A90ED2DD636DC10C5C9 /* Pods */,
				95FA5724B4B683A9750D0869 /* Frameworks */,
			);
			sourceTree = "<group>";
		};
		DA2BE1FA1DBE528900AEB48F /* Products */ = {
			isa = PBXGroup;
			children = (
				DA2BE1F91DBE528900AEB48F /* qupin.app */,
				DA2BE2121DBE528900AEB48F /* qupinTests.xctest */,
			);
			name = Products;
			sourceTree = "<group>";
		};
		DA2BE1FB1DBE528900AEB48F /* qupin */ = {
			isa = PBXGroup;
			children = (
				DA35F18C1E3A0BD300D66762 /* Networking */,
				DA53FE6F1E37DEAD00699715 /* Test */,
				DA3C69D01E32958100D32FA7 /* UserModel */,
				DA53FE6E1E37DE9100699715 /* TaskModel */,
				DA2BE2231DBE547300AEB48F /* Login */,
				DA915CC71E268C14004B425C /* User */,
				DA915CC61E268C06004B425C /* Chat */,
				DA915CC51E268BE7004B425C /* Task */,
				DA915CD01E269EE6004B425C /* Publish */,
				DA2E1BA31DE0546B00FAF81C /* Home */,
				DA2BE1FF1DBE528900AEB48F /* AppDelegate.h */,
				DA2BE2001DBE528900AEB48F /* AppDelegate.m */,
				DA915CD21E26A2C3004B425C /* Extension&Constant */,
				DA915CD11E26A2A9004B425C /* Tabbar */,
				DA2BE1FC1DBE528900AEB48F /* Supporting Files */,
			);
			path = qupin;
			sourceTree = "<group>";
		};
		DA2BE1FC1DBE528900AEB48F /* Supporting Files */ = {
			isa = PBXGroup;
			children = (
				DA2BE2081DBE528900AEB48F /* Assets.xcassets */,
				DA2BE20A1DBE528900AEB48F /* LaunchScreen.storyboard */,
				DA2BE20D1DBE528900AEB48F /* Info.plist */,
				DA2BE1FD1DBE528900AEB48F /* main.m */,
			);
			name = "Supporting Files";
			sourceTree = "<group>";
		};
		DA2BE2151DBE528900AEB48F /* qupinTests */ = {
			isa = PBXGroup;
			children = (
				DA2BE2161DBE528900AEB48F /* qupinTests.m */,
				DA2BE2181DBE528900AEB48F /* Info.plist */,
			);
			path = qupinTests;
			sourceTree = "<group>";
		};
		DA2BE2231DBE547300AEB48F /* Login */ = {
			isa = PBXGroup;
			children = (
				DA2BE2211DBE545700AEB48F /* Login.storyboard */,
				DA6851271E4A386F00AE61E5 /* View */,
				DA2BE2261DBE54DC00AEB48F /* Controller */,
			);
			name = Login;
			sourceTree = "<group>";
		};
		DA2BE2261DBE54DC00AEB48F /* Controller */ = {
			isa = PBXGroup;
			children = (
				DAA640481E3273FE0098BA62 /* QPFirstVC.h */,
				DAA640491E3273FE0098BA62 /* QPFirstVC.m */,
				DAA640451E326E9B0098BA62 /* QPSignInVC.h */,
				DAA640461E326E9B0098BA62 /* QPSignInVC.m */,
				DA53FE701E37E11400699715 /* QPLoginVC.h */,
				DA53FE711E37E11400699715 /* QPLoginVC.m */,
				DA53FE731E37E1D800699715 /* QPPhoneLoginVC.h */,
				DA53FE741E37E1D800699715 /* QPPhoneLoginVC.m */,
			);
			name = Controller;
			sourceTree = "<group>";
		};
		DA2E1BA31DE0546B00FAF81C /* Home */ = {
			isa = PBXGroup;
			children = (
				DA2E1BA11DE0545C00FAF81C /* Home.storyboard */,
				DAD3C2CF1E151D0600C73832 /* QPHomeVC.h */,
				DAD3C2D01E151D0600C73832 /* QPHomeVC.m */,
				DA3163641E1A91E900EA9965 /* TaskLIst */,
			);
			name = Home;
			sourceTree = "<group>";
		};
		DA3163641E1A91E900EA9965 /* TaskLIst */ = {
			isa = PBXGroup;
			children = (
				DAD3C2D51E15305200C73832 /* QPTaskListDatasource.h */,
				DAD3C2D61E15305200C73832 /* QPTaskListDatasource.m */,
				DAD3C2D81E1534B600C73832 /* QPTaskCell.h */,
				DAD3C2D91E1534B600C73832 /* QPTaskCell.m */,
				DAB48B581E30DDE700CF7F6C /* QPTaskCell.xib */,
			);
			name = TaskLIst;
			sourceTree = "<group>";
		};
		DA35F18C1E3A0BD300D66762 /* Networking */ = {
			isa = PBXGroup;
			children = (
				DA35F1891E3A0BBB00D66762 /* QPNetworking.h */,
				DA35F18A1E3A0BBB00D66762 /* QPNetworking.m */,
			);
			name = Networking;
			sourceTree = "<group>";
		};
		DA3C69D01E32958100D32FA7 /* UserModel */ = {
			isa = PBXGroup;
			children = (
				DA3C69CD1E32956100D32FA7 /* QPUserItem.h */,
				DA3C69CE1E32956100D32FA7 /* QPUserItem.m */,
			);
			name = UserModel;
			sourceTree = "<group>";
		};
		DA53FE6E1E37DE9100699715 /* TaskModel */ = {
			isa = PBXGroup;
			children = (
				DAA82ABC1E156F24005FC736 /* QPTaskItem.h */,
				DAA82ABD1E156F24005FC736 /* QPTaskItem.m */,
			);
			name = TaskModel;
			sourceTree = "<group>";
		};
		DA53FE6F1E37DEAD00699715 /* Test */ = {
			isa = PBXGroup;
			children = (
				DA3C69D11E3299F100D32FA7 /* testViewController.h */,
				DA3C69D21E3299F100D32FA7 /* testViewController.m */,
				DA3C69D41E329A1900D32FA7 /* test.storyboard */,
			);
			name = Test;
			sourceTree = "<group>";
		};
		DA6851271E4A386F00AE61E5 /* View */ = {
			isa = PBXGroup;
			children = (
				DA35F18D1E3A4A7B00D66762 /* QPSmsCodeCell.h */,
				DA35F18E1E3A4A7B00D66762 /* QPSmsCodeCell.m */,
				DA53FE661E37B72700699715 /* QPPhoneNumberCell.h */,
				DA53FE671E37B72700699715 /* QPPhoneNumberCell.m */,
				DA53FE681E37B72700699715 /* QPPhoneNumberCell.xib */,
			);
			name = View;
			sourceTree = "<group>";
		};
		DA915CC51E268BE7004B425C /* Task */ = {
			isa = PBXGroup;
			children = (
				DA915CBF1E268B6B004B425C /* Task.storyboard */,
				DAD9B70B1E2D33F200B60FAA /* QPMyTaskVC.h */,
				DAD9B70C1E2D33F200B60FAA /* QPMyTaskVC.m */,
			);
			name = Task;
			sourceTree = "<group>";
		};
		DA915CC61E268C06004B425C /* Chat */ = {
			isa = PBXGroup;
			children = (
				DA915CC11E268B72004B425C /* Chat.storyboard */,
			);
			name = Chat;
			sourceTree = "<group>";
		};
		DA915CC71E268C14004B425C /* User */ = {
			isa = PBXGroup;
			children = (
				DA915CC31E268B7A004B425C /* User.storyboard */,
			);
			name = User;
			sourceTree = "<group>";
		};
		DA915CD01E269EE6004B425C /* Publish */ = {
			isa = PBXGroup;
			children = (
				DA915CCD1E269ECA004B425C /* QPPublishVC.h */,
				DA915CCE1E269ECA004B425C /* QPPublishVC.m */,
				DA915CCB1E2698C6004B425C /* Publish.storyboard */,
				DAFBD56D1E2FE684000C1BC4 /* QPImageUploadCell.h */,
				DAFBD56E1E2FE684000C1BC4 /* QPImageUploadCell.m */,
				DAB48B6C1E31614600CF7F6C /* UploadCollectionview */,
			);
			name = Publish;
			sourceTree = "<group>";
		};
		DA915CD11E26A2A9004B425C /* Tabbar */ = {
			isa = PBXGroup;
			children = (
				DA53019A1E266E10002A2FB4 /* QPTabbarController.h */,
				DA53019B1E266E10002A2FB4 /* QPTabbarController.m */,
				DA915CC81E269204004B425C /* QPPlusBtn.h */,
				DA915CC91E269204004B425C /* QPPlusBtn.m */,
			);
			name = Tabbar;
			sourceTree = "<group>";
		};
		DA915CD21E26A2C3004B425C /* Extension&Constant */ = {
			isa = PBXGroup;
			children = (
				DA53FE6B1E37CCC300699715 /* QPRegexHelper.h */,
				DA53FE6C1E37CCC300699715 /* QPRegexHelper.m */,
				DAB2886E1DD33FA600640A03 /* QPStringConstant.h */,
				DAC706341DC71AD700483D60 /* UINavigationController+StatusBar.h */,
				DAC706351DC71AD700483D60 /* UINavigationController+StatusBar.m */,
			);
			name = "Extension&Constant";
			sourceTree = "<group>";
		};
		DAB48B6C1E31614600CF7F6C /* UploadCollectionview */ = {
			isa = PBXGroup;
			children = (
				DAB48B661E312B8C00CF7F6C /* QPImageUploadCellDataSource.h */,
				DAB48B671E312B8C00CF7F6C /* QPImageUploadCellDataSource.m */,
				DAB48B691E31428800CF7F6C /* QPImageUploadImageItem.h */,
				DAB48B6A1E31428800CF7F6C /* QPImageUploadImageItem.m */,
				DAB48B611E312B3D00CF7F6C /* QPImageUploadImageCell.h */,
				DAB48B621E312B3D00CF7F6C /* QPImageUploadImageCell.m */,
				DAB48B631E312B3D00CF7F6C /* QPImageUploadImageCell.xib */,
			);
			name = UploadCollectionview;
			sourceTree = "<group>";
		};
		DE854A90ED2DD636DC10C5C9 /* Pods */ = {
			isa = PBXGroup;
			children = (
				05974F67BD683248650E816A /* Pods-qupin.debug.xcconfig */,
				0150448C1E3D4981D4629306 /* Pods-qupin.release.xcconfig */,
			);
			name = Pods;
			sourceTree = "<group>";
		};
/* End PBXGroup section */

/* Begin PBXNativeTarget section */
		DA2BE1F81DBE528800AEB48F /* qupin */ = {
			isa = PBXNativeTarget;
			buildConfigurationList = DA2BE21B1DBE528900AEB48F /* Build configuration list for PBXNativeTarget "qupin" */;
			buildPhases = (
				6F4C4BB4C2EDFCC54A40D795 /* [CP] Check Pods Manifest.lock */,
				DA2BE1F51DBE528800AEB48F /* Sources */,
				DA2BE1F61DBE528800AEB48F /* Frameworks */,
				DA2BE1F71DBE528800AEB48F /* Resources */,
				AA954864844069F70F698B1A /* [CP] Embed Pods Frameworks */,
				19C92940576F73530C0B6618 /* [CP] Copy Pods Resources */,
			);
			buildRules = (
			);
			dependencies = (
			);
			name = qupin;
			productName = qupin;
			productReference = DA2BE1F91DBE528900AEB48F /* qupin.app */;
			productType = "com.apple.product-type.application";
		};
		DA2BE2111DBE528900AEB48F /* qupinTests */ = {
			isa = PBXNativeTarget;
			buildConfigurationList = DA2BE21E1DBE528900AEB48F /* Build configuration list for PBXNativeTarget "qupinTests" */;
			buildPhases = (
				DA2BE20E1DBE528900AEB48F /* Sources */,
				DA2BE20F1DBE528900AEB48F /* Frameworks */,
				DA2BE2101DBE528900AEB48F /* Resources */,
			);
			buildRules = (
			);
			dependencies = (
				DA2BE2141DBE528900AEB48F /* PBXTargetDependency */,
			);
			name = qupinTests;
			productName = qupinTests;
			productReference = DA2BE2121DBE528900AEB48F /* qupinTests.xctest */;
			productType = "com.apple.product-type.bundle.unit-test";
		};
/* End PBXNativeTarget section */

/* Begin PBXProject section */
		DA2BE1F11DBE528800AEB48F /* Project object */ = {
			isa = PBXProject;
			attributes = {
				LastUpgradeCheck = 0810;
				ORGANIZATIONNAME = Nemocdz;
				TargetAttributes = {
					DA2BE1F81DBE528800AEB48F = {
						CreatedOnToolsVersion = 8.0;
						DevelopmentTeam = 8HQ2P3SCVF;
						ProvisioningStyle = Automatic;
					};
					DA2BE2111DBE528900AEB48F = {
						CreatedOnToolsVersion = 8.0;
						ProvisioningStyle = Automatic;
						TestTargetID = DA2BE1F81DBE528800AEB48F;
					};
				};
			};
			buildConfigurationList = DA2BE1F41DBE528800AEB48F /* Build configuration list for PBXProject "qupin" */;
			compatibilityVersion = "Xcode 3.2";
			developmentRegion = English;
			hasScannedForEncodings = 0;
			knownRegions = (
				en,
				Base,
			);
			mainGroup = DA2BE1F01DBE528800AEB48F;
			productRefGroup = DA2BE1FA1DBE528900AEB48F /* Products */;
			projectDirPath = "";
			projectRoot = "";
			targets = (
				DA2BE1F81DBE528800AEB48F /* qupin */,
				DA2BE2111DBE528900AEB48F /* qupinTests */,
			);
		};
/* End PBXProject section */

/* Begin PBXResourcesBuildPhase section */
		DA2BE1F71DBE528800AEB48F /* Resources */ = {
			isa = PBXResourcesBuildPhase;
			buildActionMask = 2147483647;
			files = (
				DA2BE20C1DBE528900AEB48F /* LaunchScreen.storyboard in Resources */,
				DA2BE2221DBE545700AEB48F /* Login.storyboard in Resources */,
				DAB48B651E312B3D00CF7F6C /* QPImageUploadImageCell.xib in Resources */,
				DA915CC01E268B6B004B425C /* Task.storyboard in Resources */,
				DA915CCC1E2698C6004B425C /* Publish.storyboard in Resources */,
				DA3C69D51E329A1900D32FA7 /* test.storyboard in Resources */,
				DA2BE2091DBE528900AEB48F /* Assets.xcassets in Resources */,
				DA915CC21E268B72004B425C /* Chat.storyboard in Resources */,
				DAB48B591E30DDE700CF7F6C /* QPTaskCell.xib in Resources */,
				DA2E1BA21DE0545C00FAF81C /* Home.storyboard in Resources */,
				DA53FE6A1E37B72700699715 /* QPPhoneNumberCell.xib in Resources */,
				DA915CC41E268B7A004B425C /* User.storyboard in Resources */,
			);
			runOnlyForDeploymentPostprocessing = 0;
		};
		DA2BE2101DBE528900AEB48F /* Resources */ = {
			isa = PBXResourcesBuildPhase;
			buildActionMask = 2147483647;
			files = (
			);
			runOnlyForDeploymentPostprocessing = 0;
		};
/* End PBXResourcesBuildPhase section */

/* Begin PBXShellScriptBuildPhase section */
		19C92940576F73530C0B6618 /* [CP] Copy Pods Resources */ = {
			isa = PBXShellScriptBuildPhase;
			buildActionMask = 2147483647;
			files = (
			);
			inputPaths = (
			);
			name = "[CP] Copy Pods Resources";
			outputPaths = (
			);
			runOnlyForDeploymentPostprocessing = 0;
			shellPath = /bin/sh;
			shellScript = "\"${SRCROOT}/Pods/Target Support Files/Pods-qupin/Pods-qupin-resources.sh\"\n";
			showEnvVarsInLog = 0;
		};
		6F4C4BB4C2EDFCC54A40D795 /* [CP] Check Pods Manifest.lock */ = {
			isa = PBXShellScriptBuildPhase;
			buildActionMask = 2147483647;
			files = (
			);
			inputPaths = (
			);
			name = "[CP] Check Pods Manifest.lock";
			outputPaths = (
			);
			runOnlyForDeploymentPostprocessing = 0;
			shellPath = /bin/sh;
			shellScript = "diff \"${PODS_ROOT}/../Podfile.lock\" \"${PODS_ROOT}/Manifest.lock\" > /dev/null\nif [ $? != 0 ] ; then\n    # print error to STDERR\n    echo \"error: The sandbox is not in sync with the Podfile.lock. Run 'pod install' or update your CocoaPods installation.\" >&2\n    exit 1\nfi\n";
			showEnvVarsInLog = 0;
		};
		AA954864844069F70F698B1A /* [CP] Embed Pods Frameworks */ = {
			isa = PBXShellScriptBuildPhase;
			buildActionMask = 2147483647;
			files = (
			);
			inputPaths = (
			);
			name = "[CP] Embed Pods Frameworks";
			outputPaths = (
			);
			runOnlyForDeploymentPostprocessing = 0;
			shellPath = /bin/sh;
			shellScript = "\"${SRCROOT}/Pods/Target Support Files/Pods-qupin/Pods-qupin-frameworks.sh\"\n";
			showEnvVarsInLog = 0;
		};
/* End PBXShellScriptBuildPhase section */

/* Begin PBXSourcesBuildPhase section */
		DA2BE1F51DBE528800AEB48F /* Sources */ = {
			isa = PBXSourcesBuildPhase;
			buildActionMask = 2147483647;
			files = (
				DAC706361DC71AD700483D60 /* UINavigationController+StatusBar.m in Sources */,
				DA35F18F1E3A4A7B00D66762 /* QPSmsCodeCell.m in Sources */,
				DA53FE721E37E11400699715 /* QPLoginVC.m in Sources */,
				DAA82ABE1E156F24005FC736 /* QPTaskItem.m in Sources */,
				DA2BE2011DBE528900AEB48F /* AppDelegate.m in Sources */,
				DAD3C2D71E15305200C73832 /* QPTaskListDatasource.m in Sources */,
				DAA640471E326E9B0098BA62 /* QPSignInVC.m in Sources */,
				DAD3C2D11E151D0600C73832 /* QPHomeVC.m in Sources */,
				DAB48B641E312B3D00CF7F6C /* QPImageUploadImageCell.m in Sources */,
				DA915CCF1E269ECA004B425C /* QPPublishVC.m in Sources */,
				DAB48B681E312B8C00CF7F6C /* QPImageUploadCellDataSource.m in Sources */,
				DA35F18B1E3A0BBB00D66762 /* QPNetworking.m in Sources */,
				DA3C69CF1E32956100D32FA7 /* QPUserItem.m in Sources */,
				DAFBD56F1E2FE684000C1BC4 /* QPImageUploadCell.m in Sources */,
				DA3C69D31E3299F100D32FA7 /* testViewController.m in Sources */,
				DAA6404A1E3273FE0098BA62 /* QPFirstVC.m in Sources */,
				DAD9B70D1E2D33F200B60FAA /* QPMyTaskVC.m in Sources */,
				DA53019C1E266E10002A2FB4 /* QPTabbarController.m in Sources */,
				DA915CCA1E269204004B425C /* QPPlusBtn.m in Sources */,
				DA2BE1FE1DBE528900AEB48F /* main.m in Sources */,
				DAB48B6B1E31428800CF7F6C /* QPImageUploadImageItem.m in Sources */,
				DA53FE691E37B72700699715 /* QPPhoneNumberCell.m in Sources */,
				DA53FE6D1E37CCC300699715 /* QPRegexHelper.m in Sources */,
				DA53FE751E37E1D800699715 /* QPPhoneLoginVC.m in Sources */,
				DAD3C2DA1E1534B600C73832 /* QPTaskCell.m in Sources */,
			);
			runOnlyForDeploymentPostprocessing = 0;
		};
		DA2BE20E1DBE528900AEB48F /* Sources */ = {
			isa = PBXSourcesBuildPhase;
			buildActionMask = 2147483647;
			files = (
				DA2BE2171DBE528900AEB48F /* qupinTests.m in Sources */,
			);
			runOnlyForDeploymentPostprocessing = 0;
		};
/* End PBXSourcesBuildPhase section */

/* Begin PBXTargetDependency section */
		DA2BE2141DBE528900AEB48F /* PBXTargetDependency */ = {
			isa = PBXTargetDependency;
			target = DA2BE1F81DBE528800AEB48F /* qupin */;
			targetProxy = DA2BE2131DBE528900AEB48F /* PBXContainerItemProxy */;
		};
/* End PBXTargetDependency section */

/* Begin PBXVariantGroup section */
		DA2BE20A1DBE528900AEB48F /* LaunchScreen.storyboard */ = {
			isa = PBXVariantGroup;
			children = (
				DA2BE20B1DBE528900AEB48F /* Base */,
			);
			name = LaunchScreen.storyboard;
			sourceTree = "<group>";
		};
/* End PBXVariantGroup section */

/* Begin XCBuildConfiguration section */
		DA2BE2191DBE528900AEB48F /* Debug */ = {
			isa = XCBuildConfiguration;
			buildSettings = {
				ALWAYS_SEARCH_USER_PATHS = NO;
				CLANG_ANALYZER_NONNULL = YES;
				CLANG_CXX_LANGUAGE_STANDARD = "gnu++0x";
				CLANG_CXX_LIBRARY = "libc++";
				CLANG_ENABLE_MODULES = YES;
				CLANG_ENABLE_OBJC_ARC = YES;
				CLANG_WARN_BOOL_CONVERSION = YES;
				CLANG_WARN_CONSTANT_CONVERSION = YES;
				CLANG_WARN_DIRECT_OBJC_ISA_USAGE = YES_ERROR;
				CLANG_WARN_DOCUMENTATION_COMMENTS = YES;
				CLANG_WARN_EMPTY_BODY = YES;
				CLANG_WARN_ENUM_CONVERSION = YES;
				CLANG_WARN_INFINITE_RECURSION = YES;
				CLANG_WARN_INT_CONVERSION = YES;
				CLANG_WARN_OBJC_ROOT_CLASS = YES_ERROR;
				CLANG_WARN_SUSPICIOUS_MOVE = YES;
				CLANG_WARN_SUSPICIOUS_MOVES = YES;
				CLANG_WARN_UNREACHABLE_CODE = YES;
				CLANG_WARN__DUPLICATE_METHOD_MATCH = YES;
				"CODE_SIGN_IDENTITY[sdk=iphoneos*]" = "iPhone Developer";
				COPY_PHASE_STRIP = NO;
				DEBUG_INFORMATION_FORMAT = dwarf;
				ENABLE_STRICT_OBJC_MSGSEND = YES;
				ENABLE_TESTABILITY = YES;
				GCC_C_LANGUAGE_STANDARD = gnu99;
				GCC_DYNAMIC_NO_PIC = NO;
				GCC_NO_COMMON_BLOCKS = YES;
				GCC_OPTIMIZATION_LEVEL = 0;
				GCC_PREPROCESSOR_DEFINITIONS = (
					"DEBUG=1",
					"$(inherited)",
				);
				GCC_WARN_64_TO_32_BIT_CONVERSION = YES;
				GCC_WARN_ABOUT_RETURN_TYPE = YES_ERROR;
				GCC_WARN_UNDECLARED_SELECTOR = YES;
				GCC_WARN_UNINITIALIZED_AUTOS = YES_AGGRESSIVE;
				GCC_WARN_UNUSED_FUNCTION = YES;
				GCC_WARN_UNUSED_VARIABLE = YES;
				IPHONEOS_DEPLOYMENT_TARGET = 10.1;
				MTL_ENABLE_DEBUG_INFO = YES;
				ONLY_ACTIVE_ARCH = YES;
				SDKROOT = iphoneos;
			};
			name = Debug;
		};
		DA2BE21A1DBE528900AEB48F /* Release */ = {
			isa = XCBuildConfiguration;
			buildSettings = {
				ALWAYS_SEARCH_USER_PATHS = NO;
				CLANG_ANALYZER_NONNULL = YES;
				CLANG_CXX_LANGUAGE_STANDARD = "gnu++0x";
				CLANG_CXX_LIBRARY = "libc++";
				CLANG_ENABLE_MODULES = YES;
				CLANG_ENABLE_OBJC_ARC = YES;
				CLANG_WARN_BOOL_CONVERSION = YES;
				CLANG_WARN_CONSTANT_CONVERSION = YES;
				CLANG_WARN_DIRECT_OBJC_ISA_USAGE = YES_ERROR;
				CLANG_WARN_DOCUMENTATION_COMMENTS = YES;
				CLANG_WARN_EMPTY_BODY = YES;
				CLANG_WARN_ENUM_CONVERSION = YES;
				CLANG_WARN_INFINITE_RECURSION = YES;
				CLANG_WARN_INT_CONVERSION = YES;
				CLANG_WARN_OBJC_ROOT_CLASS = YES_ERROR;
				CLANG_WARN_SUSPICIOUS_MOVE = YES;
				CLANG_WARN_SUSPICIOUS_MOVES = YES;
				CLANG_WARN_UNREACHABLE_CODE = YES;
				CLANG_WARN__DUPLICATE_METHOD_MATCH = YES;
				"CODE_SIGN_IDENTITY[sdk=iphoneos*]" = "iPhone Developer";
				COPY_PHASE_STRIP = NO;
				DEBUG_INFORMATION_FORMAT = "dwarf-with-dsym";
				ENABLE_NS_ASSERTIONS = NO;
				ENABLE_STRICT_OBJC_MSGSEND = YES;
				GCC_C_LANGUAGE_STANDARD = gnu99;
				GCC_NO_COMMON_BLOCKS = YES;
				GCC_WARN_64_TO_32_BIT_CONVERSION = YES;
				GCC_WARN_ABOUT_RETURN_TYPE = YES_ERROR;
				GCC_WARN_UNDECLARED_SELECTOR = YES;
				GCC_WARN_UNINITIALIZED_AUTOS = YES_AGGRESSIVE;
				GCC_WARN_UNUSED_FUNCTION = YES;
				GCC_WARN_UNUSED_VARIABLE = YES;
				IPHONEOS_DEPLOYMENT_TARGET = 10.1;
				MTL_ENABLE_DEBUG_INFO = NO;
				SDKROOT = iphoneos;
				VALIDATE_PRODUCT = YES;
			};
			name = Release;
		};
		DA2BE21C1DBE528900AEB48F /* Debug */ = {
			isa = XCBuildConfiguration;
			baseConfigurationReference = 05974F67BD683248650E816A /* Pods-qupin.debug.xcconfig */;
			buildSettings = {
				ASSETCATALOG_COMPILER_APPICON_NAME = AppIcon;
				"CODE_SIGN_IDENTITY[sdk=iphoneos*]" = "iPhone Developer";
				DEVELOPMENT_TEAM = 8HQ2P3SCVF;
				INFOPLIST_FILE = qupin/Info.plist;
				IPHONEOS_DEPLOYMENT_TARGET = 9.0;
				LD_RUNPATH_SEARCH_PATHS = "$(inherited) @executable_path/Frameworks";
				PRODUCT_BUNDLE_IDENTIFIER = nemocdz.qupin;
				PRODUCT_NAME = "$(TARGET_NAME)";
				USER_HEADER_SEARCH_PATHS = "${SRCROOT}/**";
			};
			name = Debug;
		};
		DA2BE21D1DBE528900AEB48F /* Release */ = {
			isa = XCBuildConfiguration;
			baseConfigurationReference = 0150448C1E3D4981D4629306 /* Pods-qupin.release.xcconfig */;
			buildSettings = {
				ASSETCATALOG_COMPILER_APPICON_NAME = AppIcon;
				"CODE_SIGN_IDENTITY[sdk=iphoneos*]" = "iPhone Developer";
				DEVELOPMENT_TEAM = 8HQ2P3SCVF;
				INFOPLIST_FILE = qupin/Info.plist;
				IPHONEOS_DEPLOYMENT_TARGET = 9.0;
				LD_RUNPATH_SEARCH_PATHS = "$(inherited) @executable_path/Frameworks";
				PRODUCT_BUNDLE_IDENTIFIER = nemocdz.qupin;
				PRODUCT_NAME = "$(TARGET_NAME)";
				USER_HEADER_SEARCH_PATHS = "${SRCROOT}/**";
			};
			name = Release;
		};
		DA2BE21F1DBE528900AEB48F /* Debug */ = {
			isa = XCBuildConfiguration;
			buildSettings = {
				BUNDLE_LOADER = "$(TEST_HOST)";
				INFOPLIST_FILE = qupinTests/Info.plist;
				LD_RUNPATH_SEARCH_PATHS = "$(inherited) @executable_path/Frameworks @loader_path/Frameworks";
				PRODUCT_BUNDLE_IDENTIFIER = nemocdz.qupinTests;
				PRODUCT_NAME = "$(TARGET_NAME)";
				TEST_HOST = "$(BUILT_PRODUCTS_DIR)/qupin.app/qupin";
			};
			name = Debug;
		};
		DA2BE2201DBE528900AEB48F /* Release */ = {
			isa = XCBuildConfiguration;
			buildSettings = {
				BUNDLE_LOADER = "$(TEST_HOST)";
				INFOPLIST_FILE = qupinTests/Info.plist;
				LD_RUNPATH_SEARCH_PATHS = "$(inherited) @executable_path/Frameworks @loader_path/Frameworks";
				PRODUCT_BUNDLE_IDENTIFIER = nemocdz.qupinTests;
				PRODUCT_NAME = "$(TARGET_NAME)";
				TEST_HOST = "$(BUILT_PRODUCTS_DIR)/qupin.app/qupin";
			};
			name = Release;
		};
/* End XCBuildConfiguration section */

/* Begin XCConfigurationList section */
		DA2BE1F41DBE528800AEB48F /* Build configuration list for PBXProject "qupin" */ = {
			isa = XCConfigurationList;
			buildConfigurations = (
				DA2BE2191DBE528900AEB48F /* Debug */,
				DA2BE21A1DBE528900AEB48F /* Release */,
			);
			defaultConfigurationIsVisible = 0;
			defaultConfigurationName = Release;
		};
		DA2BE21B1DBE528900AEB48F /* Build configuration list for PBXNativeTarget "qupin" */ = {
			isa = XCConfigurationList;
			buildConfigurations = (
				DA2BE21C1DBE528900AEB48F /* Debug */,
				DA2BE21D1DBE528900AEB48F /* Release */,
			);
			defaultConfigurationIsVisible = 0;
			defaultConfigurationName = Release;
		};
		DA2BE21E1DBE528900AEB48F /* Build configuration list for PBXNativeTarget "qupinTests" */ = {
			isa = XCConfigurationList;
			buildConfigurations = (
				DA2BE21F1DBE528900AEB48F /* Debug */,
				DA2BE2201DBE528900AEB48F /* Release */,
			);
			defaultConfigurationIsVisible = 0;
			defaultConfigurationName = Release;
		};
/* End XCConfigurationList section */
	};
	rootObject = DA2BE1F11DBE528800AEB48F /* Project object */;
}
